{
    "_meta": {
        "hash": {
            "sha256": "83bc9042e8814c650a930ae6cb816e98565d5bf2cbbb7d7063be3ab4792461b3"
        },
        "pipfile-spec": 6,
        "requires": {
            "python_version": "3.10"
        },
        "sources": [
            {
                "name": "pypi",
                "url": "https://pypi.org/simple",
                "verify_ssl": true
            }
        ]
    },
    "default": {
        "certifi": {
            "hashes": [
                "sha256:5a1e7645bc0ec61a09e26c36f6106dd4cf40c6db3a1fb6352b0244e7fb057c7b",
                "sha256:c198e21b1289c2ab85ee4e67bb4b4ef3ead0892059901a8d5b622f24a1101e90"
            ],
            "index": "pypi",
            "markers": "python_version >= '3.6'",
            "version": "==2024.7.4"
        },
        "distlib": {
            "hashes": [
                "sha256:034db59a0b96f8ca18035f36290806a9a6e6bd9d1ff91e45a7f172eb17e51784",
                "sha256:1530ea13e350031b6312d8580ddb6b27a104275a31106523b8f123787f494f64"
            ],
            "index": "pypi",
            "version": "==0.3.8"
        },
        "filelock": {
            "hashes": [
                "sha256:2207938cbc1844345cb01a5a95524dae30f0ce089eba5b00378295a17e3e90cb",
                "sha256:6ca1fffae96225dab4c6eaf1c4f4f28cd2568d3ec2a44e15a08520504de468e7"
            ],
            "index": "pypi",
            "markers": "python_version >= '3.8'",
            "version": "==3.15.4"
        },
        "pipenv": {
            "hashes": [
                "sha256:5360835c613837423a99b8c94952b139b777b3eaabb42cb9edb34556245b4c25",
                "sha256:ae5a83fa5b66065cebd2bd8f73f0b281b3bd202a13d58cc644f0b9765128c990"
            ],
            "index": "pypi",
            "markers": "python_version >= '3.8'",
            "version": "==2024.0.1"
        },
        "platformdirs": {
            "hashes": [
                "sha256:2d7a1657e36a80ea911db832a8a6ece5ee53d8de21edd5cc5879af6530b1bfee",
                "sha256:38b7b51f512eed9e84a22788b4bce1de17c0adb134d6becb09836e37d8654cd3"
            ],
            "index": "pypi",
            "markers": "python_version >= '3.8'",
            "version": "==4.2.2"
        },
        "setuptools": {
            "hashes": [
                "sha256:b208925fcb9f7af924ed2dc04708ea89791e24bde0d3020b27df0e116088b34e",
                "sha256:d59a3e788ab7e012ab2c4baed1b376da6366883ee20d7a5fc426816e3d7b1193"
            ],
            "markers": "python_version >= '3.8'",
            "version": "==73.0.1"
        },
        "virtualenv": {
            "hashes": [
                "sha256:4c43a2a236279d9ea36a0d76f98d84bd6ca94ac4e0f4a3b9d46d05e10fea542a",
                "sha256:8cc4a31139e796e9a7de2cd5cf2489de1217193116a8fd42328f1bd65f434589"
            ],
            "index": "pypi",
            "markers": "python_version >= '3.7'",
            "version": "==20.26.3"
        }
    },
    "develop": {}
}
